github.com/mdzio/go-lib v0.1.5 h1:vS3AE3CAyWNbsGM5VtsHXGbk/wfv806Sa/aJD+jECeg=
github.com/mdzio/go-lib v0.1.5/go.mod h1:iT5EGniJ9KN32ynSFImmjSTOxscncRL6h6OagK/G1PY=
github.com/mdzio/go-lib v0.1.7 h1:s+FPTWcfZind26Ps8dykrVZGbkYBpbGVd56GopTc33w=
github.com/mdzio/go-lib v0.1.7/go.mod h1:iT5EGniJ9KN32ynSFImmjSTOxscncRL6h6OagK/G1PY=
github.com/mdzio/go-logging v1.0.0 h1:5ykv9QZfEEn3G8Xt2Kcq7FIXDUpXyvp9PUiqWtLDaP0=
github.com/mdzio/go-logging v1.0.0/go.mod h1:PAR0NsQwdZiUSy/yykXTWm+kZsbYCLTkBnKgJ6O50rw=
